
Microsoft Visual Studio Solution File, Format Version 12.00
Project("{FAE04EC0-301F-11D3-BF4B-00C04F79EFBC}") = "SGBackend", "SGBackend\SGBackend.csproj", "{891D345A-B8DE-40A3-97FB-2E58FBAEEF07}"
EndProject
Project("{FAE04EC0-301F-11D3-BF4B-00C04F79EFBC}") = "SGBackendTest", "SGBackendTest\SGBackendTest.csproj", "{6AB6F8B2-F240-459C-A0B1-EFA8FDF8CBF2}"
EndProject
Global
	GlobalSection(SolutionConfigurationPlatforms) = preSolution
		Debug|Any CPU = Debug|Any CPU
		Release|Any CPU = Release|Any CPU
	EndGlobalSection
	GlobalSection(ProjectConfigurationPlatforms) = postSolution
		{891D345A-B8DE-40A3-97FB-2E58FBAEEF07}.Debug|Any CPU.ActiveCfg = Debug|Any CPU
		{891D345A-B8DE-40A3-97FB-2E58FBAEEF07}.Debug|Any CPU.Build.0 = Debug|Any CPU
		{891D345A-B8DE-40A3-97FB-2E58FBAEEF07}.Release|Any CPU.ActiveCfg = Release|Any CPU
		{891D345A-B8DE-40A3-97FB-2E58FBAEEF07}.Release|Any CPU.Build.0 = Release|Any CPU
		{6AB6F8B2-F240-459C-A0B1-EFA8FDF8CBF2}.Debug|Any CPU.ActiveCfg = Debug|Any CPU
		{6AB6F8B2-F240-459C-A0B1-EFA8FDF8CBF2}.Debug|Any CPU.Build.0 = Debug|Any CPU
		{6AB6F8B2-F240-459C-A0B1-EFA8FDF8CBF2}.Release|Any CPU.ActiveCfg = Release|Any CPU
		{6AB6F8B2-F240-459C-A0B1-EFA8FDF8CBF2}.Release|Any CPU.Build.0 = Release|Any CPU
	EndGlobalSection
EndGlobal
